{
    "_meta": {
        "hash": {
            "sha256": "752ebc84eac8f709c13547694879ad1f079e740a98dbf043b1def1009e90c023"
        },
        "pipfile-spec": 6,
        "requires": {
            "python_version": "3.11"
        },
        "sources": [
            {
                "name": "pypi",
                "url": "https://pypi.org/simple",
                "verify_ssl": true
            }
        ]
    },
    "default": {
        "certifi": {
            "hashes": [
                "sha256:9b469f3a900bf28dc19b8cfbf8019bf47f7fdd1a65a1d4ffb98fc14166beb4d1",
                "sha256:e036ab49d5b79556f99cfc2d9320b34cfbe5be05c5871b51de9329f0603b0474"
            ],
            "markers": "python_version >= '3.6'",
            "version": "==2023.11.17"
        },
        "elasticsearch": {
            "hashes": [
                "sha256:23ac0afb4398c48990e359ac73ab6963741bd05321345299c62d9d23e209eee2",
                "sha256:c05aa792a52b1e6ad9d226340dc19165c4a491ac48fbd91af51ec839bf953210"
            ],
            "index": "pypi",
            "version": "==7.16.2"
        },
        "urllib3": {
            "hashes": [
                "sha256:34b97092d7e0a3a8cf7cd10e386f401b3737364026c45e622aa02903dffe0f07",
                "sha256:f8ecc1bba5667413457c529ab955bf8c67b45db799d159066261719e328580a0"
            ],
            "markers": "python_version >= '2.7' and python_version not in '3.0, 3.1, 3.2, 3.3, 3.4, 3.5'",
            "version": "==1.26.18"
        }
    },
    "develop": {}
}
